
Microsoft Visual Studio Solution File, Format Version 12.00
# Visual Studio 15
VisualStudioVersion = 15.0.28307.572
MinimumVisualStudioVersion = 10.0.40219.1
Project("{FAE04EC0-301F-11D3-BF4B-00C04F79EFBC}") = "AnD U-911", "AnD U-911\AnD U-911.csproj", "{B7B30743-6077-4B7E-A760-C0F16A99CCE6}"
EndProject
Global
	GlobalSection(SolutionConfigurationPlatforms) = preSolution
		Debug|ARM = Debug|ARM
		Debug|ARM64 = Debug|ARM64
		Debug|x64 = Debug|x64
		Debug|x86 = Debug|x86
		Release|ARM = Release|ARM
		Release|ARM64 = Release|ARM64
		Release|x64 = Release|x64
		Release|x86 = Release|x86
	EndGlobalSection
	GlobalSection(ProjectConfigurationPlatforms) = postSolution
		{B7B30743-6077-4B7E-A760-C0F16A99CCE6}.Debug|ARM.ActiveCfg = Debug|ARM
		{B7B30743-6077-4B7E-A760-C0F16A99CCE6}.Debug|ARM.Build.0 = Debug|ARM
		{B7B30743-6077-4B7E-A760-C0F16A99CCE6}.Debug|ARM.Deploy.0 = Debug|ARM
		{B7B30743-6077-4B7E-A760-C0F16A99CCE6}.Debug|ARM64.ActiveCfg = Debug|ARM64
		{B7B30743-6077-4B7E-A760-C0F16A99CCE6}.Debug|ARM64.Build.0 = Debug|ARM64
		{B7B30743-6077-4B7E-A760-C0F16A99CCE6}.Debug|ARM64.Deploy.0 = Debug|ARM64
		{B7B30743-6077-4B7E-A760-C0F16A99CCE6}.Debug|x64.ActiveCfg = Debug|x64
		{B7B30743-6077-4B7E-A760-C0F16A99CCE6}.Debug|x64.Build.0 = Debug|x64
		{B7B30743-6077-4B7E-A760-C0F16A99CCE6}.Debug|x64.Deploy.0 = Debug|x64
		{B7B30743-6077-4B7E-A760-C0F16A99CCE6}.Debug|x86.ActiveCfg = Debug|x86
		{B7B30743-6077-4B7E-A760-C0F16A99CCE6}.Debug|x86.Build.0 = Debug|x86
		{B7B30743-6077-4B7E-A760-C0F16A99CCE6}.Debug|x86.Deploy.0 = Debug|x86
		{B7B30743-6077-4B7E-A760-C0F16A99CCE6}.Release|ARM.ActiveCfg = Release|ARM
		{B7B30743-6077-4B7E-A760-C0F16A99CCE6}.Release|ARM.Build.0 = Release|ARM
		{B7B30743-6077-4B7E-A760-C0F16A99CCE6}.Release|ARM.Deploy.0 = Release|ARM
		{B7B30743-6077-4B7E-A760-C0F16A99CCE6}.Release|ARM64.ActiveCfg = Release|ARM64
		{B7B30743-6077-4B7E-A760-C0F16A99CCE6}.Release|ARM64.Build.0 = Release|ARM64
		{B7B30743-6077-4B7E-A760-C0F16A99CCE6}.Release|ARM64.Deploy.0 = Release|ARM64
		{B7B30743-6077-4B7E-A760-C0F16A99CCE6}.Release|x64.ActiveCfg = Release|x64
		{B7B30743-6077-4B7E-A760-C0F16A99CCE6}.Release|x64.Build.0 = Release|x64
		{B7B30743-6077-4B7E-A760-C0F16A99CCE6}.Release|x64.Deploy.0 = Release|x64
		{B7B30743-6077-4B7E-A760-C0F16A99CCE6}.Release|x86.ActiveCfg = Release|x86
		{B7B30743-6077-4B7E-A760-C0F16A99CCE6}.Release|x86.Build.0 = Release|x86
		{B7B30743-6077-4B7E-A760-C0F16A99CCE6}.Release|x86.Deploy.0 = Release|x86
	EndGlobalSection
	GlobalSection(SolutionProperties) = preSolution
		HideSolutionNode = FALSE
	EndGlobalSection
	GlobalSection(ExtensibilityGlobals) = postSolution
		SolutionGuid = {83C6773B-0A32-46D9-9238-DC92C8F2F728}
	EndGlobalSection
EndGlobal
